
Microsoft Visual Studio Solution File, Format Version 12.00
# Visual Studio Version 17
VisualStudioVersion = 17.4.33403.182
MinimumVisualStudioVersion = 10.0.40219.1
Project("{FAE04EC0-301F-11D3-BF4B-00C04F79EFBC}") = "Vologa4-Modul2", "Vologa4-Modul2\Vologa4-Modul2.csproj", "{AFB35EEE-2C57-4116-886B-8812D5ABF238}"
EndProject
Global
	GlobalSection(SolutionConfigurationPlatforms) = preSolution
		Debug|Any CPU = Debug|Any CPU
		Release|Any CPU = Release|Any CPU
	EndGlobalSection
	GlobalSection(ProjectConfigurationPlatforms) = postSolution
		{AFB35EEE-2C57-4116-886B-8812D5ABF238}.Debug|Any CPU.ActiveCfg = Debug|Any CPU
		{AFB35EEE-2C57-4116-886B-8812D5ABF238}.Debug|Any CPU.Build.0 = Debug|Any CPU
		{AFB35EEE-2C57-4116-886B-8812D5ABF238}.Release|Any CPU.ActiveCfg = Release|Any CPU
		{AFB35EEE-2C57-4116-886B-8812D5ABF238}.Release|Any CPU.Build.0 = Release|Any CPU
	EndGlobalSection
	GlobalSection(SolutionProperties) = preSolution
		HideSolutionNode = FALSE
	EndGlobalSection
	GlobalSection(ExtensibilityGlobals) = postSolution
		SolutionGuid = {BFD7F497-626E-43CA-9AED-CDB724B04C0C}
	EndGlobalSection
EndGlobal
